
Microsoft Visual Studio Solution File, Format Version 12.00
# Visual Studio Version 17
VisualStudioVersion = 17.3.32929.385
MinimumVisualStudioVersion = 10.0.40219.1
Project("{9A19103F-16F7-4668-BE54-9A1E7A4F7556}") = "AdventOfCode2022.CSharp", "AdventOfCode2022.CSharp\AdventOfCode2022.CSharp.csproj", "{EA8DE6BE-F509-4630-87AF-906B990BDB71}"
EndProject
Project("{FAE04EC0-301F-11D3-BF4B-00C04F79EFBC}") = "AdventOfCode2022.CSharp.Tests", "AdventOfCode2022.CSharp.Tests\AdventOfCode2022.CSharp.Tests.csproj", "{891543ED-DEA1-4A6A-8E28-4E422427A84C}"
EndProject
Project("{2150E333-8FDC-42A3-9474-1A3956D46DE8}") = "Solution Items", "Solution Items", "{83AA2FEB-E567-4AA8-BBDA-9D3BA4038E4E}"
	ProjectSection(SolutionItems) = preProject
		README.txt = README.txt
	EndProjectSection
EndProject
Global
	GlobalSection(SolutionConfigurationPlatforms) = preSolution
		Debug|Any CPU = Debug|Any CPU
		Release|Any CPU = Release|Any CPU
	EndGlobalSection
	GlobalSection(ProjectConfigurationPlatforms) = postSolution
		{EA8DE6BE-F509-4630-87AF-906B990BDB71}.Debug|Any CPU.ActiveCfg = Debug|Any CPU
		{EA8DE6BE-F509-4630-87AF-906B990BDB71}.Debug|Any CPU.Build.0 = Debug|Any CPU
		{EA8DE6BE-F509-4630-87AF-906B990BDB71}.Release|Any CPU.ActiveCfg = Release|Any CPU
		{EA8DE6BE-F509-4630-87AF-906B990BDB71}.Release|Any CPU.Build.0 = Release|Any CPU
		{891543ED-DEA1-4A6A-8E28-4E422427A84C}.Debug|Any CPU.ActiveCfg = Debug|Any CPU
		{891543ED-DEA1-4A6A-8E28-4E422427A84C}.Debug|Any CPU.Build.0 = Debug|Any CPU
		{891543ED-DEA1-4A6A-8E28-4E422427A84C}.Release|Any CPU.ActiveCfg = Release|Any CPU
		{891543ED-DEA1-4A6A-8E28-4E422427A84C}.Release|Any CPU.Build.0 = Release|Any CPU
	EndGlobalSection
	GlobalSection(SolutionProperties) = preSolution
		HideSolutionNode = FALSE
	EndGlobalSection
	GlobalSection(ExtensibilityGlobals) = postSolution
		SolutionGuid = {8AD5D213-B9A1-4962-A466-4B7C0D65318B}
	EndGlobalSection
EndGlobal
